
Microsoft Visual Studio Solution File, Format Version 12.00
# Visual Studio Version 17
VisualStudioVersion = 17.5.33424.131
MinimumVisualStudioVersion = 10.0.40219.1
Project("{8BC9CEB8-8B4A-11D0-8D11-00A0C91BC942}") = "001_AR47Start", "001_AR47Start\001_AR47Start.vcxproj", "{20576FEF-491E-435F-BD92-DFAE957CD65A}"
EndProject
Project("{8BC9CEB8-8B4A-11D0-8D11-00A0C91BC942}") = "002_Complie", "002_Complie\002_Complie.vcxproj", "{ED3F5B46-EF05-4E39-903E-1BF5D78D9C37}"
EndProject
Project("{8BC9CEB8-8B4A-11D0-8D11-00A0C91BC942}") = "003_MainFunction", "003_MainFunction\003_MainFunction.vcxproj", "{1ECF53F5-344D-495F-83D2-F393F68A87AC}"
EndProject
Project("{8BC9CEB8-8B4A-11D0-8D11-00A0C91BC942}") = "004_Var", "004_Var\004_Var.vcxproj", "{A2B5A452-272E-4063-9E87-9A3C77B77D30}"
EndProject
Project("{8BC9CEB8-8B4A-11D0-8D11-00A0C91BC942}") = "005_Operator000", "005_Operator000\005_Operator000.vcxproj", "{E4841F16-9083-4585-87ED-785088C135C7}"
EndProject
Project("{8BC9CEB8-8B4A-11D0-8D11-00A0C91BC942}") = "006_InitOrCopy", "006_InitOrCopy\006_InitOrCopy.vcxproj", "{89C0DB37-B753-45AC-B1C0-A40CB623DE35}"
EndProject
Project("{8BC9CEB8-8B4A-11D0-8D11-00A0C91BC942}") = "007_Operator001", "007_Operator001\007_Operator001.vcxproj", "{1FBFAFE1-9A60-484D-B72A-DC6D3B847E60}"
EndProject
Global
	GlobalSection(SolutionConfigurationPlatforms) = preSolution
		Debug|x64 = Debug|x64
		Debug|x86 = Debug|x86
		Release|x64 = Release|x64
		Release|x86 = Release|x86
	EndGlobalSection
	GlobalSection(ProjectConfigurationPlatforms) = postSolution
		{20576FEF-491E-435F-BD92-DFAE957CD65A}.Debug|x64.ActiveCfg = Debug|x64
		{20576FEF-491E-435F-BD92-DFAE957CD65A}.Debug|x64.Build.0 = Debug|x64
		{20576FEF-491E-435F-BD92-DFAE957CD65A}.Debug|x86.ActiveCfg = Debug|Win32
		{20576FEF-491E-435F-BD92-DFAE957CD65A}.Debug|x86.Build.0 = Debug|Win32
		{20576FEF-491E-435F-BD92-DFAE957CD65A}.Release|x64.ActiveCfg = Release|x64
		{20576FEF-491E-435F-BD92-DFAE957CD65A}.Release|x64.Build.0 = Release|x64
		{20576FEF-491E-435F-BD92-DFAE957CD65A}.Release|x86.ActiveCfg = Release|Win32
		{20576FEF-491E-435F-BD92-DFAE957CD65A}.Release|x86.Build.0 = Release|Win32
		{ED3F5B46-EF05-4E39-903E-1BF5D78D9C37}.Debug|x64.ActiveCfg = Debug|x64
		{ED3F5B46-EF05-4E39-903E-1BF5D78D9C37}.Debug|x64.Build.0 = Debug|x64
		{ED3F5B46-EF05-4E39-903E-1BF5D78D9C37}.Debug|x86.ActiveCfg = Debug|Win32
		{ED3F5B46-EF05-4E39-903E-1BF5D78D9C37}.Debug|x86.Build.0 = Debug|Win32
		{ED3F5B46-EF05-4E39-903E-1BF5D78D9C37}.Release|x64.ActiveCfg = Release|x64
		{ED3F5B46-EF05-4E39-903E-1BF5D78D9C37}.Release|x64.Build.0 = Release|x64
		{ED3F5B46-EF05-4E39-903E-1BF5D78D9C37}.Release|x86.ActiveCfg = Release|Win32
		{ED3F5B46-EF05-4E39-903E-1BF5D78D9C37}.Release|x86.Build.0 = Release|Win32
		{1ECF53F5-344D-495F-83D2-F393F68A87AC}.Debug|x64.ActiveCfg = Debug|x64
		{1ECF53F5-344D-495F-83D2-F393F68A87AC}.Debug|x64.Build.0 = Debug|x64
		{1ECF53F5-344D-495F-83D2-F393F68A87AC}.Debug|x86.ActiveCfg = Debug|Win32
		{1ECF53F5-344D-495F-83D2-F393F68A87AC}.Debug|x86.Build.0 = Debug|Win32
		{1ECF53F5-344D-495F-83D2-F393F68A87AC}.Release|x64.ActiveCfg = Release|x64
		{1ECF53F5-344D-495F-83D2-F393F68A87AC}.Release|x64.Build.0 = Release|x64
		{1ECF53F5-344D-495F-83D2-F393F68A87AC}.Release|x86.ActiveCfg = Release|Win32
		{1ECF53F5-344D-495F-83D2-F393F68A87AC}.Release|x86.Build.0 = Release|Win32
		{A2B5A452-272E-4063-9E87-9A3C77B77D30}.Debug|x64.ActiveCfg = Debug|x64
		{A2B5A452-272E-4063-9E87-9A3C77B77D30}.Debug|x64.Build.0 = Debug|x64
		{A2B5A452-272E-4063-9E87-9A3C77B77D30}.Debug|x86.ActiveCfg = Debug|Win32
		{A2B5A452-272E-4063-9E87-9A3C77B77D30}.Debug|x86.Build.0 = Debug|Win32
		{A2B5A452-272E-4063-9E87-9A3C77B77D30}.Release|x64.ActiveCfg = Release|x64
		{A2B5A452-272E-4063-9E87-9A3C77B77D30}.Release|x64.Build.0 = Release|x64
		{A2B5A452-272E-4063-9E87-9A3C77B77D30}.Release|x86.ActiveCfg = Release|Win32
		{A2B5A452-272E-4063-9E87-9A3C77B77D30}.Release|x86.Build.0 = Release|Win32
		{E4841F16-9083-4585-87ED-785088C135C7}.Debug|x64.ActiveCfg = Debug|x64
		{E4841F16-9083-4585-87ED-785088C135C7}.Debug|x64.Build.0 = Debug|x64
		{E4841F16-9083-4585-87ED-785088C135C7}.Debug|x86.ActiveCfg = Debug|Win32
		{E4841F16-9083-4585-87ED-785088C135C7}.Debug|x86.Build.0 = Debug|Win32
		{E4841F16-9083-4585-87ED-785088C135C7}.Release|x64.ActiveCfg = Release|x64
		{E4841F16-9083-4585-87ED-785088C135C7}.Release|x64.Build.0 = Release|x64
		{E4841F16-9083-4585-87ED-785088C135C7}.Release|x86.ActiveCfg = Release|Win32
		{E4841F16-9083-4585-87ED-785088C135C7}.Release|x86.Build.0 = Release|Win32
		{89C0DB37-B753-45AC-B1C0-A40CB623DE35}.Debug|x64.ActiveCfg = Debug|x64
		{89C0DB37-B753-45AC-B1C0-A40CB623DE35}.Debug|x64.Build.0 = Debug|x64
		{89C0DB37-B753-45AC-B1C0-A40CB623DE35}.Debug|x86.ActiveCfg = Debug|Win32
		{89C0DB37-B753-45AC-B1C0-A40CB623DE35}.Debug|x86.Build.0 = Debug|Win32
		{89C0DB37-B753-45AC-B1C0-A40CB623DE35}.Release|x64.ActiveCfg = Release|x64
		{89C0DB37-B753-45AC-B1C0-A40CB623DE35}.Release|x64.Build.0 = Release|x64
		{89C0DB37-B753-45AC-B1C0-A40CB623DE35}.Release|x86.ActiveCfg = Release|Win32
		{89C0DB37-B753-45AC-B1C0-A40CB623DE35}.Release|x86.Build.0 = Release|Win32
		{1FBFAFE1-9A60-484D-B72A-DC6D3B847E60}.Debug|x64.ActiveCfg = Debug|x64
		{1FBFAFE1-9A60-484D-B72A-DC6D3B847E60}.Debug|x64.Build.0 = Debug|x64
		{1FBFAFE1-9A60-484D-B72A-DC6D3B847E60}.Debug|x86.ActiveCfg = Debug|Win32
		{1FBFAFE1-9A60-484D-B72A-DC6D3B847E60}.Debug|x86.Build.0 = Debug|Win32
		{1FBFAFE1-9A60-484D-B72A-DC6D3B847E60}.Release|x64.ActiveCfg = Release|x64
		{1FBFAFE1-9A60-484D-B72A-DC6D3B847E60}.Release|x64.Build.0 = Release|x64
		{1FBFAFE1-9A60-484D-B72A-DC6D3B847E60}.Release|x86.ActiveCfg = Release|Win32
		{1FBFAFE1-9A60-484D-B72A-DC6D3B847E60}.Release|x86.Build.0 = Release|Win32
	EndGlobalSection
	GlobalSection(SolutionProperties) = preSolution
		HideSolutionNode = FALSE
	EndGlobalSection
	GlobalSection(ExtensibilityGlobals) = postSolution
		SolutionGuid = {B6347E35-D6BB-4DB2-ACB8-AB6110A711F4}
	EndGlobalSection
EndGlobal
